
Microsoft Visual Studio Solution File, Format Version 12.00
# Visual Studio Version 17
VisualStudioVersion = 17.8.34004.107
MinimumVisualStudioVersion = 10.0.40219.1
Project("{FAE04EC0-301F-11D3-BF4B-00C04F79EFBC}") = "Calculator", "Calculator.csproj", "{E0DCA939-4B27-40A3-969D-388C8A85BD3C}"
EndProject
Global
	GlobalSection(SolutionConfigurationPlatforms) = preSolution
		Debug|Any CPU = Debug|Any CPU
		Release|Any CPU = Release|Any CPU
	EndGlobalSection
	GlobalSection(ProjectConfigurationPlatforms) = postSolution
		{E0DCA939-4B27-40A3-969D-388C8A85BD3C}.Debug|Any CPU.ActiveCfg = Debug|Any CPU
		{E0DCA939-4B27-40A3-969D-388C8A85BD3C}.Debug|Any CPU.Build.0 = Debug|Any CPU
		{E0DCA939-4B27-40A3-969D-388C8A85BD3C}.Release|Any CPU.ActiveCfg = Release|Any CPU
		{E0DCA939-4B27-40A3-969D-388C8A85BD3C}.Release|Any CPU.Build.0 = Release|Any CPU
	EndGlobalSection
	GlobalSection(SolutionProperties) = preSolution
		HideSolutionNode = FALSE
	EndGlobalSection
	GlobalSection(ExtensibilityGlobals) = postSolution
		SolutionGuid = {B5AA792A-F73E-4F3C-8B27-1C8ACACD0446}
	EndGlobalSection
EndGlobal
